// !$*UTF8*$!
{
	archiveVersion = 1;
	classes = {
	};
	objectVersion = 56;
	objects = {

/* Begin PBXBuildFile section */
		187B0B1D2A8FEACB0029921A /* AppDelegate.swift in Sources */ = {isa = PBXBuildFile; fileRef = 187B0B1C2A8FEACB0029921A /* AppDelegate.swift */; };
		187B0B1F2A8FEACB0029921A /* SceneDelegate.swift in Sources */ = {isa = PBXBuildFile; fileRef = 187B0B1E2A8FEACB0029921A /* SceneDelegate.swift */; };
		187B0B212A8FEACB0029921A /* MainListController.swift in Sources */ = {isa = PBXBuildFile; fileRef = 187B0B202A8FEACB0029921A /* MainListController.swift */; };
		187B0B262A8FEAD10029921A /* Assets.xcassets in Resources */ = {isa = PBXBuildFile; fileRef = 187B0B252A8FEAD10029921A /* Assets.xcassets */; };
		187B0B292A8FEAD10029921A /* LaunchScreen.storyboard in Resources */ = {isa = PBXBuildFile; fileRef = 187B0B272A8FEAD10029921A /* LaunchScreen.storyboard */; };
		187B0B342A8FEAD20029921A /* RickAndMortyTaskTests.swift in Sources */ = {isa = PBXBuildFile; fileRef = 187B0B332A8FEAD20029921A /* RickAndMortyTaskTests.swift */; };
		187B0B3E2A8FEAD20029921A /* RickAndMortyTaskUITests.swift in Sources */ = {isa = PBXBuildFile; fileRef = 187B0B3D2A8FEAD20029921A /* RickAndMortyTaskUITests.swift */; };
		187B0B402A8FEAD20029921A /* RickAndMortyTaskUITestsLaunchTests.swift in Sources */ = {isa = PBXBuildFile; fileRef = 187B0B3F2A8FEAD20029921A /* RickAndMortyTaskUITestsLaunchTests.swift */; };
		187B0B592A8FF4830029921A /* ModuleBuilder.swift in Sources */ = {isa = PBXBuildFile; fileRef = 187B0B582A8FF4830029921A /* ModuleBuilder.swift */; };
		187B0B5B2A8FF5080029921A /* RouterMain.swift in Sources */ = {isa = PBXBuildFile; fileRef = 187B0B5A2A8FF5080029921A /* RouterMain.swift */; };
		187B0B5D2A8FF61C0029921A /* MainListPresenter.swift in Sources */ = {isa = PBXBuildFile; fileRef = 187B0B5C2A8FF61C0029921A /* MainListPresenter.swift */; };
		187B0B622A8FF72D0029921A /* NetworkManager.swift in Sources */ = {isa = PBXBuildFile; fileRef = 187B0B612A8FF72D0029921A /* NetworkManager.swift */; };
		187B0B642A8FF9340029921A /* MainListView.swift in Sources */ = {isa = PBXBuildFile; fileRef = 187B0B632A8FF9340029921A /* MainListView.swift */; };
		187B0B692A8FFDCA0029921A /* ConfigurableView.swift in Sources */ = {isa = PBXBuildFile; fileRef = 187B0B682A8FFDCA0029921A /* ConfigurableView.swift */; };
		187B0B6B2A8FFE290029921A /* ModelMainListView.swift in Sources */ = {isa = PBXBuildFile; fileRef = 187B0B6A2A8FFE290029921A /* ModelMainListView.swift */; };
		187B0B6D2A8FFE800029921A /* CompositionalLayout.swift in Sources */ = {isa = PBXBuildFile; fileRef = 187B0B6C2A8FFE800029921A /* CompositionalLayout.swift */; };
		187B0B6F2A9000E00029921A /* MainListCell.swift in Sources */ = {isa = PBXBuildFile; fileRef = 187B0B6E2A9000E00029921A /* MainListCell.swift */; };
		187B0B742A90018D0029921A /* ProjectDesign.swift in Sources */ = {isa = PBXBuildFile; fileRef = 187B0B732A90018D0029921A /* ProjectDesign.swift */; };
		187B0B762A900CDC0029921A /* ModelMainListCell.swift in Sources */ = {isa = PBXBuildFile; fileRef = 187B0B752A900CDC0029921A /* ModelMainListCell.swift */; };
		187B0B792A90AC670029921A /* Colors.swift in Sources */ = {isa = PBXBuildFile; fileRef = 187B0B782A90AC670029921A /* Colors.swift */; };
		187B0B7E2A90ADA00029921A /* UIImageView+MyStyle.swift in Sources */ = {isa = PBXBuildFile; fileRef = 187B0B7D2A90ADA00029921A /* UIImageView+MyStyle.swift */; };
		187B0B802A90ADB10029921A /* UILabel+MyStyle.swift in Sources */ = {isa = PBXBuildFile; fileRef = 187B0B7F2A90ADB10029921A /* UILabel+MyStyle.swift */; };
		187B0B832A90AEA10029921A /* Fonts.swift in Sources */ = {isa = PBXBuildFile; fileRef = 187B0B822A90AEA10029921A /* Fonts.swift */; };
		187B0B862A90AF6D0029921A /* UIStackView+MyStyle.swift in Sources */ = {isa = PBXBuildFile; fileRef = 187B0B852A90AF6D0029921A /* UIStackView+MyStyle.swift */; };
		187B0B892A90B5BA0029921A /* UIViewController+.swift in Sources */ = {isa = PBXBuildFile; fileRef = 187B0B882A90B5BA0029921A /* UIViewController+.swift */; };
		187B0B8B2A90B9810029921A /* ApiBuilder.swift in Sources */ = {isa = PBXBuildFile; fileRef = 187B0B8A2A90B9810029921A /* ApiBuilder.swift */; };
		187B0B902A90BF450029921A /* RickAndMortyResponse.swift in Sources */ = {isa = PBXBuildFile; fileRef = 187B0B8F2A90BF450029921A /* RickAndMortyResponse.swift */; };
		187B0B922A90CE0D0029921A /* Mapper.swift in Sources */ = {isa = PBXBuildFile; fileRef = 187B0B912A90CE0D0029921A /* Mapper.swift */; };
		187B0B952A90D03A0029921A /* UIActivityIndicatorView+.swift in Sources */ = {isa = PBXBuildFile; fileRef = 187B0B942A90D03A0029921A /* UIActivityIndicatorView+.swift */; };
		187B0B972A90D2F80029921A /* UIImageView+ImageLoad.swift in Sources */ = {isa = PBXBuildFile; fileRef = 187B0B962A90D2F80029921A /* UIImageView+ImageLoad.swift */; };
		187B0B9A2A90D5480029921A /* PagingFile.swift in Sources */ = {isa = PBXBuildFile; fileRef = 187B0B992A90D5480029921A /* PagingFile.swift */; };
		187B0B9C2A90E6C40029921A /* DetailsAboutHeroPresenter.swift in Sources */ = {isa = PBXBuildFile; fileRef = 187B0B9B2A90E6C40029921A /* DetailsAboutHeroPresenter.swift */; };
		187B0B9E2A90E72F0029921A /* DetailsAboutHeroController.swift in Sources */ = {isa = PBXBuildFile; fileRef = 187B0B9D2A90E72E0029921A /* DetailsAboutHeroController.swift */; };
		187B0BA02A90E78D0029921A /* DetailsAboutHeroView.swift in Sources */ = {isa = PBXBuildFile; fileRef = 187B0B9F2A90E78D0029921A /* DetailsAboutHeroView.swift */; };
		187B0BA32A90E7F50029921A /* InfoCell.swift in Sources */ = {isa = PBXBuildFile; fileRef = 187B0BA22A90E7F50029921A /* InfoCell.swift */; };
		187B0BA52A90E80F0029921A /* OriginCell.swift in Sources */ = {isa = PBXBuildFile; fileRef = 187B0BA42A90E80F0029921A /* OriginCell.swift */; };
		187B0BA72A90E82B0029921A /* EpisodesCell.swift in Sources */ = {isa = PBXBuildFile; fileRef = 187B0BA62A90E82B0029921A /* EpisodesCell.swift */; };
		187B0BAA2A90ED330029921A /* Images.swift in Sources */ = {isa = PBXBuildFile; fileRef = 187B0BA92A90ED330029921A /* Images.swift */; };
		187B0BAC2A90F00E0029921A /* ModelDetailsAboutHero.swift in Sources */ = {isa = PBXBuildFile; fileRef = 187B0BAB2A90F00E0029921A /* ModelDetailsAboutHero.swift */; };
		187B0BAF2A90F43F0029921A /* SectionHeader.swift in Sources */ = {isa = PBXBuildFile; fileRef = 187B0BAE2A90F43F0029921A /* SectionHeader.swift */; };
		187B0BB12A90F4AA0029921A /* ModelHeader.swift in Sources */ = {isa = PBXBuildFile; fileRef = 187B0BB02A90F4AA0029921A /* ModelHeader.swift */; };
		187B0BB32A9100170029921A /* ModelInfoCell.swift in Sources */ = {isa = PBXBuildFile; fileRef = 187B0BB22A9100170029921A /* ModelInfoCell.swift */; };
		187B0BB52A9100250029921A /* ModelOriginCell.swift in Sources */ = {isa = PBXBuildFile; fileRef = 187B0BB42A9100250029921A /* ModelOriginCell.swift */; };
		187B0BB72A91007D0029921A /* ModelEpisodesCell.swift in Sources */ = {isa = PBXBuildFile; fileRef = 187B0BB62A91007D0029921A /* ModelEpisodesCell.swift */; };
		187B0BBA2A91064A0029921A /* UIView+MyStyle.swift in Sources */ = {isa = PBXBuildFile; fileRef = 187B0BB92A91064A0029921A /* UIView+MyStyle.swift */; };
		187B0BBC2A9110D10029921A /* MainHeader.swift in Sources */ = {isa = PBXBuildFile; fileRef = 187B0BBB2A9110D10029921A /* MainHeader.swift */; };
		187B0BBE2A91FC1D0029921A /* DetailsAboutHeroResponse.swift in Sources */ = {isa = PBXBuildFile; fileRef = 187B0BBD2A91FC1D0029921A /* DetailsAboutHeroResponse.swift */; };
		187B0BC02A9202190029921A /* ModelMainHeader.swift in Sources */ = {isa = PBXBuildFile; fileRef = 187B0BBF2A9202190029921A /* ModelMainHeader.swift */; };
		187B0BC22A9203940029921A /* EpisodesResponse.swift in Sources */ = {isa = PBXBuildFile; fileRef = 187B0BC12A9203940029921A /* EpisodesResponse.swift */; };
		187B0BC62A92650A0029921A /* Parser.swift in Sources */ = {isa = PBXBuildFile; fileRef = 187B0BC52A92650A0029921A /* Parser.swift */; };
		187B0BC92A9265CC0029921A /* String+.swift in Sources */ = {isa = PBXBuildFile; fileRef = 187B0BC82A9265CC0029921A /* String+.swift */; };
/* End PBXBuildFile section */

/* Begin PBXContainerItemProxy section */
		187B0B302A8FEAD20029921A /* PBXContainerItemProxy */ = {
			isa = PBXContainerItemProxy;
			containerPortal = 187B0B112A8FEACB0029921A /* Project object */;
			proxyType = 1;
			remoteGlobalIDString = 187B0B182A8FEACB0029921A;
			remoteInfo = RickAndMortyTask;
		};
		187B0B3A2A8FEAD20029921A /* PBXContainerItemProxy */ = {
			isa = PBXContainerItemProxy;
			containerPortal = 187B0B112A8FEACB0029921A /* Project object */;
			proxyType = 1;
			remoteGlobalIDString = 187B0B182A8FEACB0029921A;
			remoteInfo = RickAndMortyTask;
		};
/* End PBXContainerItemProxy section */

/* Begin PBXFileReference section */
		187B0B192A8FEACB0029921A /* RickAndMortyTask.app */ = {isa = PBXFileReference; explicitFileType = wrapper.application; includeInIndex = 0; path = RickAndMortyTask.app; sourceTree = BUILT_PRODUCTS_DIR; };
		187B0B1C2A8FEACB0029921A /* AppDelegate.swift */ = {isa = PBXFileReference; lastKnownFileType = sourcecode.swift; path = AppDelegate.swift; sourceTree = "<group>"; };
		187B0B1E2A8FEACB0029921A /* SceneDelegate.swift */ = {isa = PBXFileReference; lastKnownFileType = sourcecode.swift; path = SceneDelegate.swift; sourceTree = "<group>"; };
		187B0B202A8FEACB0029921A /* MainListController.swift */ = {isa = PBXFileReference; lastKnownFileType = sourcecode.swift; path = MainListController.swift; sourceTree = "<group>"; };
		187B0B252A8FEAD10029921A /* Assets.xcassets */ = {isa = PBXFileReference; lastKnownFileType = folder.assetcatalog; path = Assets.xcassets; sourceTree = "<group>"; };
		187B0B282A8FEAD10029921A /* Base */ = {isa = PBXFileReference; lastKnownFileType = file.storyboard; name = Base; path = Base.lproj/LaunchScreen.storyboard; sourceTree = "<group>"; };
		187B0B2A2A8FEAD10029921A /* Info.plist */ = {isa = PBXFileReference; lastKnownFileType = text.plist.xml; path = Info.plist; sourceTree = "<group>"; };
		187B0B2F2A8FEAD20029921A /* RickAndMortyTaskTests.xctest */ = {isa = PBXFileReference; explicitFileType = wrapper.cfbundle; includeInIndex = 0; path = RickAndMortyTaskTests.xctest; sourceTree = BUILT_PRODUCTS_DIR; };
		187B0B332A8FEAD20029921A /* RickAndMortyTaskTests.swift */ = {isa = PBXFileReference; lastKnownFileType = sourcecode.swift; path = RickAndMortyTaskTests.swift; sourceTree = "<group>"; };
		187B0B392A8FEAD20029921A /* RickAndMortyTaskUITests.xctest */ = {isa = PBXFileReference; explicitFileType = wrapper.cfbundle; includeInIndex = 0; path = RickAndMortyTaskUITests.xctest; sourceTree = BUILT_PRODUCTS_DIR; };
		187B0B3D2A8FEAD20029921A /* RickAndMortyTaskUITests.swift */ = {isa = PBXFileReference; lastKnownFileType = sourcecode.swift; path = RickAndMortyTaskUITests.swift; sourceTree = "<group>"; };
		187B0B3F2A8FEAD20029921A /* RickAndMortyTaskUITestsLaunchTests.swift */ = {isa = PBXFileReference; lastKnownFileType = sourcecode.swift; path = RickAndMortyTaskUITestsLaunchTests.swift; sourceTree = "<group>"; };
		187B0B582A8FF4830029921A /* ModuleBuilder.swift */ = {isa = PBXFileReference; lastKnownFileType = sourcecode.swift; path = ModuleBuilder.swift; sourceTree = "<group>"; };
		187B0B5A2A8FF5080029921A /* RouterMain.swift */ = {isa = PBXFileReference; lastKnownFileType = sourcecode.swift; path = RouterMain.swift; sourceTree = "<group>"; };
		187B0B5C2A8FF61C0029921A /* MainListPresenter.swift */ = {isa = PBXFileReference; lastKnownFileType = sourcecode.swift; path = MainListPresenter.swift; sourceTree = "<group>"; };
		187B0B612A8FF72D0029921A /* NetworkManager.swift */ = {isa = PBXFileReference; lastKnownFileType = sourcecode.swift; path = NetworkManager.swift; sourceTree = "<group>"; };
		187B0B632A8FF9340029921A /* MainListView.swift */ = {isa = PBXFileReference; lastKnownFileType = sourcecode.swift; path = MainListView.swift; sourceTree = "<group>"; };
		187B0B682A8FFDCA0029921A /* ConfigurableView.swift */ = {isa = PBXFileReference; lastKnownFileType = sourcecode.swift; path = ConfigurableView.swift; sourceTree = "<group>"; };
		187B0B6A2A8FFE290029921A /* ModelMainListView.swift */ = {isa = PBXFileReference; lastKnownFileType = sourcecode.swift; path = ModelMainListView.swift; sourceTree = "<group>"; };
		187B0B6C2A8FFE800029921A /* CompositionalLayout.swift */ = {isa = PBXFileReference; lastKnownFileType = sourcecode.swift; path = CompositionalLayout.swift; sourceTree = "<group>"; };
		187B0B6E2A9000E00029921A /* MainListCell.swift */ = {isa = PBXFileReference; lastKnownFileType = sourcecode.swift; path = MainListCell.swift; sourceTree = "<group>"; };
		187B0B732A90018D0029921A /* ProjectDesign.swift */ = {isa = PBXFileReference; lastKnownFileType = sourcecode.swift; path = ProjectDesign.swift; sourceTree = "<group>"; };
		187B0B752A900CDC0029921A /* ModelMainListCell.swift */ = {isa = PBXFileReference; lastKnownFileType = sourcecode.swift; path = ModelMainListCell.swift; sourceTree = "<group>"; };
		187B0B782A90AC670029921A /* Colors.swift */ = {isa = PBXFileReference; lastKnownFileType = sourcecode.swift; path = Colors.swift; sourceTree = "<group>"; };
		187B0B7D2A90ADA00029921A /* UIImageView+MyStyle.swift */ = {isa = PBXFileReference; lastKnownFileType = sourcecode.swift; path = "UIImageView+MyStyle.swift"; sourceTree = "<group>"; };
		187B0B7F2A90ADB10029921A /* UILabel+MyStyle.swift */ = {isa = PBXFileReference; lastKnownFileType = sourcecode.swift; path = "UILabel+MyStyle.swift"; sourceTree = "<group>"; };
		187B0B822A90AEA10029921A /* Fonts.swift */ = {isa = PBXFileReference; lastKnownFileType = sourcecode.swift; path = Fonts.swift; sourceTree = "<group>"; };
		187B0B852A90AF6D0029921A /* UIStackView+MyStyle.swift */ = {isa = PBXFileReference; lastKnownFileType = sourcecode.swift; path = "UIStackView+MyStyle.swift"; sourceTree = "<group>"; };
		187B0B882A90B5BA0029921A /* UIViewController+.swift */ = {isa = PBXFileReference; lastKnownFileType = sourcecode.swift; path = "UIViewController+.swift"; sourceTree = "<group>"; };
		187B0B8A2A90B9810029921A /* ApiBuilder.swift */ = {isa = PBXFileReference; lastKnownFileType = sourcecode.swift; path = ApiBuilder.swift; sourceTree = "<group>"; };
		187B0B8F2A90BF450029921A /* RickAndMortyResponse.swift */ = {isa = PBXFileReference; lastKnownFileType = sourcecode.swift; path = RickAndMortyResponse.swift; sourceTree = "<group>"; };
		187B0B912A90CE0D0029921A /* Mapper.swift */ = {isa = PBXFileReference; lastKnownFileType = sourcecode.swift; path = Mapper.swift; sourceTree = "<group>"; };
		187B0B942A90D03A0029921A /* UIActivityIndicatorView+.swift */ = {isa = PBXFileReference; lastKnownFileType = sourcecode.swift; path = "UIActivityIndicatorView+.swift"; sourceTree = "<group>"; };
		187B0B962A90D2F80029921A /* UIImageView+ImageLoad.swift */ = {isa = PBXFileReference; lastKnownFileType = sourcecode.swift; path = "UIImageView+ImageLoad.swift"; sourceTree = "<group>"; };
		187B0B992A90D5480029921A /* PagingFile.swift */ = {isa = PBXFileReference; lastKnownFileType = sourcecode.swift; path = PagingFile.swift; sourceTree = "<group>"; };
		187B0B9B2A90E6C40029921A /* DetailsAboutHeroPresenter.swift */ = {isa = PBXFileReference; lastKnownFileType = sourcecode.swift; path = DetailsAboutHeroPresenter.swift; sourceTree = "<group>"; };
		187B0B9D2A90E72E0029921A /* DetailsAboutHeroController.swift */ = {isa = PBXFileReference; lastKnownFileType = sourcecode.swift; path = DetailsAboutHeroController.swift; sourceTree = "<group>"; };
		187B0B9F2A90E78D0029921A /* DetailsAboutHeroView.swift */ = {isa = PBXFileReference; lastKnownFileType = sourcecode.swift; path = DetailsAboutHeroView.swift; sourceTree = "<group>"; };
		187B0BA22A90E7F50029921A /* InfoCell.swift */ = {isa = PBXFileReference; lastKnownFileType = sourcecode.swift; path = InfoCell.swift; sourceTree = "<group>"; };
		187B0BA42A90E80F0029921A /* OriginCell.swift */ = {isa = PBXFileReference; lastKnownFileType = sourcecode.swift; path = OriginCell.swift; sourceTree = "<group>"; };
		187B0BA62A90E82B0029921A /* EpisodesCell.swift */ = {isa = PBXFileReference; lastKnownFileType = sourcecode.swift; path = EpisodesCell.swift; sourceTree = "<group>"; };
		187B0BA92A90ED330029921A /* Images.swift */ = {isa = PBXFileReference; lastKnownFileType = sourcecode.swift; path = Images.swift; sourceTree = "<group>"; };
		187B0BAB2A90F00E0029921A /* ModelDetailsAboutHero.swift */ = {isa = PBXFileReference; lastKnownFileType = sourcecode.swift; path = ModelDetailsAboutHero.swift; sourceTree = "<group>"; };
		187B0BAE2A90F43F0029921A /* SectionHeader.swift */ = {isa = PBXFileReference; lastKnownFileType = sourcecode.swift; path = SectionHeader.swift; sourceTree = "<group>"; };
		187B0BB02A90F4AA0029921A /* ModelHeader.swift */ = {isa = PBXFileReference; lastKnownFileType = sourcecode.swift; path = ModelHeader.swift; sourceTree = "<group>"; };
		187B0BB22A9100170029921A /* ModelInfoCell.swift */ = {isa = PBXFileReference; lastKnownFileType = sourcecode.swift; path = ModelInfoCell.swift; sourceTree = "<group>"; };
		187B0BB42A9100250029921A /* ModelOriginCell.swift */ = {isa = PBXFileReference; lastKnownFileType = sourcecode.swift; path = ModelOriginCell.swift; sourceTree = "<group>"; };
		187B0BB62A91007D0029921A /* ModelEpisodesCell.swift */ = {isa = PBXFileReference; lastKnownFileType = sourcecode.swift; path = ModelEpisodesCell.swift; sourceTree = "<group>"; };
		187B0BB92A91064A0029921A /* UIView+MyStyle.swift */ = {isa = PBXFileReference; lastKnownFileType = sourcecode.swift; path = "UIView+MyStyle.swift"; sourceTree = "<group>"; };
		187B0BBB2A9110D10029921A /* MainHeader.swift */ = {isa = PBXFileReference; lastKnownFileType = sourcecode.swift; path = MainHeader.swift; sourceTree = "<group>"; };
		187B0BBD2A91FC1D0029921A /* DetailsAboutHeroResponse.swift */ = {isa = PBXFileReference; lastKnownFileType = sourcecode.swift; path = DetailsAboutHeroResponse.swift; sourceTree = "<group>"; };
		187B0BBF2A9202190029921A /* ModelMainHeader.swift */ = {isa = PBXFileReference; lastKnownFileType = sourcecode.swift; path = ModelMainHeader.swift; sourceTree = "<group>"; };
		187B0BC12A9203940029921A /* EpisodesResponse.swift */ = {isa = PBXFileReference; lastKnownFileType = sourcecode.swift; path = EpisodesResponse.swift; sourceTree = "<group>"; };
		187B0BC52A92650A0029921A /* Parser.swift */ = {isa = PBXFileReference; lastKnownFileType = sourcecode.swift; path = Parser.swift; sourceTree = "<group>"; };
		187B0BC82A9265CC0029921A /* String+.swift */ = {isa = PBXFileReference; lastKnownFileType = sourcecode.swift; path = "String+.swift"; sourceTree = "<group>"; };
/* End PBXFileReference section */

/* Begin PBXFrameworksBuildPhase section */
		187B0B162A8FEACB0029921A /* Frameworks */ = {
			isa = PBXFrameworksBuildPhase;
			buildActionMask = 2147483647;
			files = (
			);
			runOnlyForDeploymentPostprocessing = 0;
		};
		187B0B2C2A8FEAD20029921A /* Frameworks */ = {
			isa = PBXFrameworksBuildPhase;
			buildActionMask = 2147483647;
			files = (
			);
			runOnlyForDeploymentPostprocessing = 0;
		};
		187B0B362A8FEAD20029921A /* Frameworks */ = {
			isa = PBXFrameworksBuildPhase;
			buildActionMask = 2147483647;
			files = (
			);
			runOnlyForDeploymentPostprocessing = 0;
		};
/* End PBXFrameworksBuildPhase section */

/* Begin PBXGroup section */
		187B0B102A8FEACB0029921A = {
			isa = PBXGroup;
			children = (
				187B0B1B2A8FEACB0029921A /* RickAndMortyTask */,
				187B0B322A8FEAD20029921A /* RickAndMortyTaskTests */,
				187B0B3C2A8FEAD20029921A /* RickAndMortyTaskUITests */,
				187B0B1A2A8FEACB0029921A /* Products */,
			);
			sourceTree = "<group>";
		};
		187B0B1A2A8FEACB0029921A /* Products */ = {
			isa = PBXGroup;
			children = (
				187B0B192A8FEACB0029921A /* RickAndMortyTask.app */,
				187B0B2F2A8FEAD20029921A /* RickAndMortyTaskTests.xctest */,
				187B0B392A8FEAD20029921A /* RickAndMortyTaskUITests.xctest */,
			);
			name = Products;
			sourceTree = "<group>";
		};
		187B0B1B2A8FEACB0029921A /* RickAndMortyTask */ = {
			isa = PBXGroup;
			children = (
				187B0B4C2A8FF2E00029921A /* App */,
				187B0B572A8FF43B0029921A /* Builder */,
				187B0B562A8FF4330029921A /* Router */,
				187B0B4D2A8FF2EE0029921A /* Screens */,
				187B0B652A8FFC930029921A /* Library */,
				187B0B5E2A8FF6B90029921A /* Services */,
				187B0B252A8FEAD10029921A /* Assets.xcassets */,
				187B0B272A8FEAD10029921A /* LaunchScreen.storyboard */,
				187B0B2A2A8FEAD10029921A /* Info.plist */,
			);
			path = RickAndMortyTask;
			sourceTree = "<group>";
		};
		187B0B322A8FEAD20029921A /* RickAndMortyTaskTests */ = {
			isa = PBXGroup;
			children = (
				187B0B332A8FEAD20029921A /* RickAndMortyTaskTests.swift */,
			);
			path = RickAndMortyTaskTests;
			sourceTree = "<group>";
		};
		187B0B3C2A8FEAD20029921A /* RickAndMortyTaskUITests */ = {
			isa = PBXGroup;
			children = (
				187B0B3D2A8FEAD20029921A /* RickAndMortyTaskUITests.swift */,
				187B0B3F2A8FEAD20029921A /* RickAndMortyTaskUITestsLaunchTests.swift */,
			);
			path = RickAndMortyTaskUITests;
			sourceTree = "<group>";
		};
		187B0B4C2A8FF2E00029921A /* App */ = {
			isa = PBXGroup;
			children = (
				187B0B1E2A8FEACB0029921A /* SceneDelegate.swift */,
				187B0B1C2A8FEACB0029921A /* AppDelegate.swift */,
			);
			path = App;
			sourceTree = "<group>";
		};
		187B0B4D2A8FF2EE0029921A /* Screens */ = {
			isa = PBXGroup;
			children = (
				187B0B4E2A8FF3050029921A /* MainList */,
				187B0B522A8FF3400029921A /* Detail */,
			);
			path = Screens;
			sourceTree = "<group>";
		};
		187B0B4E2A8FF3050029921A /* MainList */ = {
			isa = PBXGroup;
			children = (
				187B0B4F2A8FF31C0029921A /* Presenter */,
				187B0B502A8FF3240029921A /* View */,
				187B0B512A8FF32C0029921A /* Model */,
			);
			path = MainList;
			sourceTree = "<group>";
		};
		187B0B4F2A8FF31C0029921A /* Presenter */ = {
			isa = PBXGroup;
			children = (
				187B0B5C2A8FF61C0029921A /* MainListPresenter.swift */,
			);
			path = Presenter;
			sourceTree = "<group>";
		};
		187B0B502A8FF3240029921A /* View */ = {
			isa = PBXGroup;
			children = (
				187B0B202A8FEACB0029921A /* MainListController.swift */,
				187B0B632A8FF9340029921A /* MainListView.swift */,
				187B0B702A9000E90029921A /* Cell */,
			);
			path = View;
			sourceTree = "<group>";
		};
		187B0B512A8FF32C0029921A /* Model */ = {
			isa = PBXGroup;
			children = (
				187B0B6A2A8FFE290029921A /* ModelMainListView.swift */,
				187B0B752A900CDC0029921A /* ModelMainListCell.swift */,
			);
			path = Model;
			sourceTree = "<group>";
		};
		187B0B522A8FF3400029921A /* Detail */ = {
			isa = PBXGroup;
			children = (
				187B0B532A8FF34D0029921A /* Presenter */,
				187B0B542A8FF35A0029921A /* View */,
				187B0B552A8FF3600029921A /* Model */,
			);
			path = Detail;
			sourceTree = "<group>";
		};
		187B0B532A8FF34D0029921A /* Presenter */ = {
			isa = PBXGroup;
			children = (
				187B0B9B2A90E6C40029921A /* DetailsAboutHeroPresenter.swift */,
			);
			path = Presenter;
			sourceTree = "<group>";
		};
		187B0B542A8FF35A0029921A /* View */ = {
			isa = PBXGroup;
			children = (
				187B0B9D2A90E72E0029921A /* DetailsAboutHeroController.swift */,
				187B0B9F2A90E78D0029921A /* DetailsAboutHeroView.swift */,
				187B0BA12A90E7990029921A /* Cell */,
				187B0BAD2A90F4120029921A /* Headers */,
			);
			path = View;
			sourceTree = "<group>";
		};
		187B0B552A8FF3600029921A /* Model */ = {
			isa = PBXGroup;
			children = (
				187B0BAB2A90F00E0029921A /* ModelDetailsAboutHero.swift */,
				187B0BB02A90F4AA0029921A /* ModelHeader.swift */,
				187B0BB22A9100170029921A /* ModelInfoCell.swift */,
				187B0BB42A9100250029921A /* ModelOriginCell.swift */,
				187B0BB62A91007D0029921A /* ModelEpisodesCell.swift */,
				187B0BBF2A9202190029921A /* ModelMainHeader.swift */,
			);
			path = Model;
			sourceTree = "<group>";
		};
		187B0B562A8FF4330029921A /* Router */ = {
			isa = PBXGroup;
			children = (
				187B0B5A2A8FF5080029921A /* RouterMain.swift */,
			);
			path = Router;
			sourceTree = "<group>";
		};
		187B0B572A8FF43B0029921A /* Builder */ = {
			isa = PBXGroup;
			children = (
				187B0B582A8FF4830029921A /* ModuleBuilder.swift */,
			);
			path = Builder;
			sourceTree = "<group>";
		};
		187B0B5E2A8FF6B90029921A /* Services */ = {
			isa = PBXGroup;
			children = (
				187B0B982A90D52B0029921A /* PagingFile */,
				187B0BC42A9264F60029921A /* Parser */,
				187B0B602A8FF7090029921A /* Mapper */,
				187B0B5F2A8FF6F80029921A /* NetworkLayer */,
			);
			path = Services;
			sourceTree = "<group>";
		};
		187B0B5F2A8FF6F80029921A /* NetworkLayer */ = {
			isa = PBXGroup;
			children = (
				187B0B612A8FF72D0029921A /* NetworkManager.swift */,
				187B0B8A2A90B9810029921A /* ApiBuilder.swift */,
				187B0B8C2A90B9AC0029921A /* Model */,
			);
			path = NetworkLayer;
			sourceTree = "<group>";
		};
		187B0B602A8FF7090029921A /* Mapper */ = {
			isa = PBXGroup;
			children = (
				187B0B912A90CE0D0029921A /* Mapper.swift */,
			);
			path = Mapper;
			sourceTree = "<group>";
		};
		187B0B652A8FFC930029921A /* Library */ = {
			isa = PBXGroup;
			children = (
				187B0B7A2A90AD6A0029921A /* Extension */,
				187B0B712A9001760029921A /* Constants */,
				187B0B672A8FFDA30029921A /* Protocols */,
				187B0B662A8FFCB80029921A /* CollectionLayout */,
			);
			path = Library;
			sourceTree = "<group>";
		};
		187B0B662A8FFCB80029921A /* CollectionLayout */ = {
			isa = PBXGroup;
			children = (
				187B0B6C2A8FFE800029921A /* CompositionalLayout.swift */,
			);
			path = CollectionLayout;
			sourceTree = "<group>";
		};
		187B0B672A8FFDA30029921A /* Protocols */ = {
			isa = PBXGroup;
			children = (
				187B0B682A8FFDCA0029921A /* ConfigurableView.swift */,
			);
			path = Protocols;
			sourceTree = "<group>";
		};
		187B0B702A9000E90029921A /* Cell */ = {
			isa = PBXGroup;
			children = (
				187B0B6E2A9000E00029921A /* MainListCell.swift */,
			);
			path = Cell;
			sourceTree = "<group>";
		};
		187B0B712A9001760029921A /* Constants */ = {
			isa = PBXGroup;
			children = (
				187B0BA82A90ED240029921A /* Images */,
				187B0B812A90AE920029921A /* Fonts */,
				187B0B772A90AC580029921A /* Colors */,
				187B0B722A90017F0029921A /* ProjectDesign */,
			);
			path = Constants;
			sourceTree = "<group>";
		};
		187B0B722A90017F0029921A /* ProjectDesign */ = {
			isa = PBXGroup;
			children = (
				187B0B732A90018D0029921A /* ProjectDesign.swift */,
			);
			path = ProjectDesign;
			sourceTree = "<group>";
		};
		187B0B772A90AC580029921A /* Colors */ = {
			isa = PBXGroup;
			children = (
				187B0B782A90AC670029921A /* Colors.swift */,
			);
			path = Colors;
			sourceTree = "<group>";
		};
		187B0B7A2A90AD6A0029921A /* Extension */ = {
			isa = PBXGroup;
			children = (
				187B0BB82A9106300029921A /* UIView+MyStyle */,
				187B0B842A90AF4A0029921A /* UIStackView+MyStyle */,
				187B0B7C2A90AD7E0029921A /* UILabel+MyStyle */,
				187B0B7B2A90AD720029921A /* UIImageView+MyStyle */,
				187B0B872A90B5A50029921A /* UIViewController+ */,
				187B0B932A90D0280029921A /* UIActivityIndicatorView+ */,
				187B0BC72A9265B50029921A /* String+ */,
			);
			path = Extension;
			sourceTree = "<group>";
		};
		187B0B7B2A90AD720029921A /* UIImageView+MyStyle */ = {
			isa = PBXGroup;
			children = (
				187B0B7D2A90ADA00029921A /* UIImageView+MyStyle.swift */,
				187B0B962A90D2F80029921A /* UIImageView+ImageLoad.swift */,
			);
			path = "UIImageView+MyStyle";
			sourceTree = "<group>";
		};
		187B0B7C2A90AD7E0029921A /* UILabel+MyStyle */ = {
			isa = PBXGroup;
			children = (
				187B0B7F2A90ADB10029921A /* UILabel+MyStyle.swift */,
			);
			path = "UILabel+MyStyle";
			sourceTree = "<group>";
		};
		187B0B812A90AE920029921A /* Fonts */ = {
			isa = PBXGroup;
			children = (
				187B0B822A90AEA10029921A /* Fonts.swift */,
			);
			path = Fonts;
			sourceTree = "<group>";
		};
		187B0B842A90AF4A0029921A /* UIStackView+MyStyle */ = {
			isa = PBXGroup;
			children = (
				187B0B852A90AF6D0029921A /* UIStackView+MyStyle.swift */,
			);
			path = "UIStackView+MyStyle";
			sourceTree = "<group>";
		};
		187B0B872A90B5A50029921A /* UIViewController+ */ = {
			isa = PBXGroup;
			children = (
				187B0B882A90B5BA0029921A /* UIViewController+.swift */,
			);
			path = "UIViewController+";
			sourceTree = "<group>";
		};
		187B0B8C2A90B9AC0029921A /* Model */ = {
			isa = PBXGroup;
			children = (
				187B0B8F2A90BF450029921A /* RickAndMortyResponse.swift */,
				187B0BBD2A91FC1D0029921A /* DetailsAboutHeroResponse.swift */,
				187B0BC12A9203940029921A /* EpisodesResponse.swift */,
			);
			path = Model;
			sourceTree = "<group>";
		};
		187B0B932A90D0280029921A /* UIActivityIndicatorView+ */ = {
			isa = PBXGroup;
			children = (
				187B0B942A90D03A0029921A /* UIActivityIndicatorView+.swift */,
			);
			path = "UIActivityIndicatorView+";
			sourceTree = "<group>";
		};
		187B0B982A90D52B0029921A /* PagingFile */ = {
			isa = PBXGroup;
			children = (
				187B0B992A90D5480029921A /* PagingFile.swift */,
			);
			path = PagingFile;
			sourceTree = "<group>";
		};
		187B0BA12A90E7990029921A /* Cell */ = {
			isa = PBXGroup;
			children = (
				187B0BA22A90E7F50029921A /* InfoCell.swift */,
				187B0BA42A90E80F0029921A /* OriginCell.swift */,
				187B0BA62A90E82B0029921A /* EpisodesCell.swift */,
			);
			path = Cell;
			sourceTree = "<group>";
		};
		187B0BA82A90ED240029921A /* Images */ = {
			isa = PBXGroup;
			children = (
				187B0BA92A90ED330029921A /* Images.swift */,
			);
			path = Images;
			sourceTree = "<group>";
		};
		187B0BAD2A90F4120029921A /* Headers */ = {
			isa = PBXGroup;
			children = (
				187B0BBB2A9110D10029921A /* MainHeader.swift */,
				187B0BAE2A90F43F0029921A /* SectionHeader.swift */,
			);
			path = Headers;
			sourceTree = "<group>";
		};
		187B0BB82A9106300029921A /* UIView+MyStyle */ = {
			isa = PBXGroup;
			children = (
				187B0BB92A91064A0029921A /* UIView+MyStyle.swift */,
			);
			path = "UIView+MyStyle";
			sourceTree = "<group>";
		};
		187B0BC42A9264F60029921A /* Parser */ = {
			isa = PBXGroup;
			children = (
				187B0BC52A92650A0029921A /* Parser.swift */,
			);
			path = Parser;
			sourceTree = "<group>";
		};
		187B0BC72A9265B50029921A /* String+ */ = {
			isa = PBXGroup;
			children = (
				187B0BC82A9265CC0029921A /* String+.swift */,
			);
			path = "String+";
			sourceTree = "<group>";
		};
/* End PBXGroup section */

/* Begin PBXNativeTarget section */
		187B0B182A8FEACB0029921A /* RickAndMortyTask */ = {
			isa = PBXNativeTarget;
			buildConfigurationList = 187B0B432A8FEAD20029921A /* Build configuration list for PBXNativeTarget "RickAndMortyTask" */;
			buildPhases = (
				187B0B152A8FEACB0029921A /* Sources */,
				187B0B162A8FEACB0029921A /* Frameworks */,
				187B0B172A8FEACB0029921A /* Resources */,
			);
			buildRules = (
			);
			dependencies = (
			);
			name = RickAndMortyTask;
			productName = RickAndMortyTask;
			productReference = 187B0B192A8FEACB0029921A /* RickAndMortyTask.app */;
			productType = "com.apple.product-type.application";
		};
		187B0B2E2A8FEAD20029921A /* RickAndMortyTaskTests */ = {
			isa = PBXNativeTarget;
			buildConfigurationList = 187B0B462A8FEAD20029921A /* Build configuration list for PBXNativeTarget "RickAndMortyTaskTests" */;
			buildPhases = (
				187B0B2B2A8FEAD20029921A /* Sources */,
				187B0B2C2A8FEAD20029921A /* Frameworks */,
				187B0B2D2A8FEAD20029921A /* Resources */,
			);
			buildRules = (
			);
			dependencies = (
				187B0B312A8FEAD20029921A /* PBXTargetDependency */,
			);
			name = RickAndMortyTaskTests;
			productName = RickAndMortyTaskTests;
			productReference = 187B0B2F2A8FEAD20029921A /* RickAndMortyTaskTests.xctest */;
			productType = "com.apple.product-type.bundle.unit-test";
		};
		187B0B382A8FEAD20029921A /* RickAndMortyTaskUITests */ = {
			isa = PBXNativeTarget;
			buildConfigurationList = 187B0B492A8FEAD20029921A /* Build configuration list for PBXNativeTarget "RickAndMortyTaskUITests" */;
			buildPhases = (
				187B0B352A8FEAD20029921A /* Sources */,
				187B0B362A8FEAD20029921A /* Frameworks */,
				187B0B372A8FEAD20029921A /* Resources */,
			);
			buildRules = (
			);
			dependencies = (
				187B0B3B2A8FEAD20029921A /* PBXTargetDependency */,
			);
			name = RickAndMortyTaskUITests;
			productName = RickAndMortyTaskUITests;
			productReference = 187B0B392A8FEAD20029921A /* RickAndMortyTaskUITests.xctest */;
			productType = "com.apple.product-type.bundle.ui-testing";
		};
/* End PBXNativeTarget section */

/* Begin PBXProject section */
		187B0B112A8FEACB0029921A /* Project object */ = {
			isa = PBXProject;
			attributes = {
				BuildIndependentTargetsInParallel = 1;
				LastSwiftUpdateCheck = 1420;
				LastUpgradeCheck = 1420;
				TargetAttributes = {
					187B0B182A8FEACB0029921A = {
						CreatedOnToolsVersion = 14.2;
					};
					187B0B2E2A8FEAD20029921A = {
						CreatedOnToolsVersion = 14.2;
						TestTargetID = 187B0B182A8FEACB0029921A;
					};
					187B0B382A8FEAD20029921A = {
						CreatedOnToolsVersion = 14.2;
						TestTargetID = 187B0B182A8FEACB0029921A;
					};
				};
			};
			buildConfigurationList = 187B0B142A8FEACB0029921A /* Build configuration list for PBXProject "RickAndMortyTask" */;
			compatibilityVersion = "Xcode 14.0";
			developmentRegion = en;
			hasScannedForEncodings = 0;
			knownRegions = (
				en,
				Base,
			);
			mainGroup = 187B0B102A8FEACB0029921A;
			productRefGroup = 187B0B1A2A8FEACB0029921A /* Products */;
			projectDirPath = "";
			projectRoot = "";
			targets = (
				187B0B182A8FEACB0029921A /* RickAndMortyTask */,
				187B0B2E2A8FEAD20029921A /* RickAndMortyTaskTests */,
				187B0B382A8FEAD20029921A /* RickAndMortyTaskUITests */,
			);
		};
/* End PBXProject section */

/* Begin PBXResourcesBuildPhase section */
		187B0B172A8FEACB0029921A /* Resources */ = {
			isa = PBXResourcesBuildPhase;
			buildActionMask = 2147483647;
			files = (
				187B0B292A8FEAD10029921A /* LaunchScreen.storyboard in Resources */,
				187B0B262A8FEAD10029921A /* Assets.xcassets in Resources */,
			);
			runOnlyForDeploymentPostprocessing = 0;
		};
		187B0B2D2A8FEAD20029921A /* Resources */ = {
			isa = PBXResourcesBuildPhase;
			buildActionMask = 2147483647;
			files = (
			);
			runOnlyForDeploymentPostprocessing = 0;
		};
		187B0B372A8FEAD20029921A /* Resources */ = {
			isa = PBXResourcesBuildPhase;
			buildActionMask = 2147483647;
			files = (
			);
			runOnlyForDeploymentPostprocessing = 0;
		};
/* End PBXResourcesBuildPhase section */

/* Begin PBXSourcesBuildPhase section */
		187B0B152A8FEACB0029921A /* Sources */ = {
			isa = PBXSourcesBuildPhase;
			buildActionMask = 2147483647;
			files = (
				187B0B212A8FEACB0029921A /* MainListController.swift in Sources */,
				187B0B792A90AC670029921A /* Colors.swift in Sources */,
				187B0B892A90B5BA0029921A /* UIViewController+.swift in Sources */,
				187B0B8B2A90B9810029921A /* ApiBuilder.swift in Sources */,
				187B0BAC2A90F00E0029921A /* ModelDetailsAboutHero.swift in Sources */,
				187B0B7E2A90ADA00029921A /* UIImageView+MyStyle.swift in Sources */,
				187B0BC02A9202190029921A /* ModelMainHeader.swift in Sources */,
				187B0BB12A90F4AA0029921A /* ModelHeader.swift in Sources */,
				187B0BA52A90E80F0029921A /* OriginCell.swift in Sources */,
				187B0B9A2A90D5480029921A /* PagingFile.swift in Sources */,
				187B0B642A8FF9340029921A /* MainListView.swift in Sources */,
				187B0B902A90BF450029921A /* RickAndMortyResponse.swift in Sources */,
				187B0BA72A90E82B0029921A /* EpisodesCell.swift in Sources */,
				187B0B802A90ADB10029921A /* UILabel+MyStyle.swift in Sources */,
				187B0B5D2A8FF61C0029921A /* MainListPresenter.swift in Sources */,
				187B0B692A8FFDCA0029921A /* ConfigurableView.swift in Sources */,
				187B0B9C2A90E6C40029921A /* DetailsAboutHeroPresenter.swift in Sources */,
				187B0B742A90018D0029921A /* ProjectDesign.swift in Sources */,
				187B0B6B2A8FFE290029921A /* ModelMainListView.swift in Sources */,
				187B0BB32A9100170029921A /* ModelInfoCell.swift in Sources */,
				187B0BC92A9265CC0029921A /* String+.swift in Sources */,
				187B0BB72A91007D0029921A /* ModelEpisodesCell.swift in Sources */,
				187B0BAF2A90F43F0029921A /* SectionHeader.swift in Sources */,
				187B0B762A900CDC0029921A /* ModelMainListCell.swift in Sources */,
				187B0BBE2A91FC1D0029921A /* DetailsAboutHeroResponse.swift in Sources */,
				187B0BB52A9100250029921A /* ModelOriginCell.swift in Sources */,
				187B0B1D2A8FEACB0029921A /* AppDelegate.swift in Sources */,
				187B0B6F2A9000E00029921A /* MainListCell.swift in Sources */,
				187B0B622A8FF72D0029921A /* NetworkManager.swift in Sources */,
				187B0B6D2A8FFE800029921A /* CompositionalLayout.swift in Sources */,
				187B0B922A90CE0D0029921A /* Mapper.swift in Sources */,
				187B0B5B2A8FF5080029921A /* RouterMain.swift in Sources */,
				187B0B972A90D2F80029921A /* UIImageView+ImageLoad.swift in Sources */,
				187B0BC62A92650A0029921A /* Parser.swift in Sources */,
				187B0BC22A9203940029921A /* EpisodesResponse.swift in Sources */,
				187B0BA02A90E78D0029921A /* DetailsAboutHeroView.swift in Sources */,
				187B0BAA2A90ED330029921A /* Images.swift in Sources */,
				187B0B862A90AF6D0029921A /* UIStackView+MyStyle.swift in Sources */,
				187B0BBC2A9110D10029921A /* MainHeader.swift in Sources */,
				187B0B1F2A8FEACB0029921A /* SceneDelegate.swift in Sources */,
				187B0BBA2A91064A0029921A /* UIView+MyStyle.swift in Sources */,
				187B0B9E2A90E72F0029921A /* DetailsAboutHeroController.swift in Sources */,
				187B0B832A90AEA10029921A /* Fonts.swift in Sources */,
				187B0B592A8FF4830029921A /* ModuleBuilder.swift in Sources */,
				187B0B952A90D03A0029921A /* UIActivityIndicatorView+.swift in Sources */,
				187B0BA32A90E7F50029921A /* InfoCell.swift in Sources */,
			);
			runOnlyForDeploymentPostprocessing = 0;
		};
		187B0B2B2A8FEAD20029921A /* Sources */ = {
			isa = PBXSourcesBuildPhase;
			buildActionMask = 2147483647;
			files = (
				187B0B342A8FEAD20029921A /* RickAndMortyTaskTests.swift in Sources */,
			);
			runOnlyForDeploymentPostprocessing = 0;
		};
		187B0B352A8FEAD20029921A /* Sources */ = {
			isa = PBXSourcesBuildPhase;
			buildActionMask = 2147483647;
			files = (
				187B0B402A8FEAD20029921A /* RickAndMortyTaskUITestsLaunchTests.swift in Sources */,
				187B0B3E2A8FEAD20029921A /* RickAndMortyTaskUITests.swift in Sources */,
			);
			runOnlyForDeploymentPostprocessing = 0;
		};
/* End PBXSourcesBuildPhase section */

/* Begin PBXTargetDependency section */
		187B0B312A8FEAD20029921A /* PBXTargetDependency */ = {
			isa = PBXTargetDependency;
			target = 187B0B182A8FEACB0029921A /* RickAndMortyTask */;
			targetProxy = 187B0B302A8FEAD20029921A /* PBXContainerItemProxy */;
		};
		187B0B3B2A8FEAD20029921A /* PBXTargetDependency */ = {
			isa = PBXTargetDependency;
			target = 187B0B182A8FEACB0029921A /* RickAndMortyTask */;
			targetProxy = 187B0B3A2A8FEAD20029921A /* PBXContainerItemProxy */;
		};
/* End PBXTargetDependency section */

/* Begin PBXVariantGroup section */
		187B0B272A8FEAD10029921A /* LaunchScreen.storyboard */ = {
			isa = PBXVariantGroup;
			children = (
				187B0B282A8FEAD10029921A /* Base */,
			);
			name = LaunchScreen.storyboard;
			sourceTree = "<group>";
		};
/* End PBXVariantGroup section */

/* Begin XCBuildConfiguration section */
		187B0B412A8FEAD20029921A /* Debug */ = {
			isa = XCBuildConfiguration;
			buildSettings = {
				ALWAYS_SEARCH_USER_PATHS = NO;
				CLANG_ANALYZER_NONNULL = YES;
				CLANG_ANALYZER_NUMBER_OBJECT_CONVERSION = YES_AGGRESSIVE;
				CLANG_CXX_LANGUAGE_STANDARD = "gnu++20";
				CLANG_ENABLE_MODULES = YES;
				CLANG_ENABLE_OBJC_ARC = YES;
				CLANG_ENABLE_OBJC_WEAK = YES;
				CLANG_WARN_BLOCK_CAPTURE_AUTORELEASING = YES;
				CLANG_WARN_BOOL_CONVERSION = YES;
				CLANG_WARN_COMMA = YES;
				CLANG_WARN_CONSTANT_CONVERSION = YES;
				CLANG_WARN_DEPRECATED_OBJC_IMPLEMENTATIONS = YES;
				CLANG_WARN_DIRECT_OBJC_ISA_USAGE = YES_ERROR;
				CLANG_WARN_DOCUMENTATION_COMMENTS = YES;
				CLANG_WARN_EMPTY_BODY = YES;
				CLANG_WARN_ENUM_CONVERSION = YES;
				CLANG_WARN_INFINITE_RECURSION = YES;
				CLANG_WARN_INT_CONVERSION = YES;
				CLANG_WARN_NON_LITERAL_NULL_CONVERSION = YES;
				CLANG_WARN_OBJC_IMPLICIT_RETAIN_SELF = YES;
				CLANG_WARN_OBJC_LITERAL_CONVERSION = YES;
				CLANG_WARN_OBJC_ROOT_CLASS = YES_ERROR;
				CLANG_WARN_QUOTED_INCLUDE_IN_FRAMEWORK_HEADER = YES;
				CLANG_WARN_RANGE_LOOP_ANALYSIS = YES;
				CLANG_WARN_STRICT_PROTOTYPES = YES;
				CLANG_WARN_SUSPICIOUS_MOVE = YES;
				CLANG_WARN_UNGUARDED_AVAILABILITY = YES_AGGRESSIVE;
				CLANG_WARN_UNREACHABLE_CODE = YES;
				CLANG_WARN__DUPLICATE_METHOD_MATCH = YES;
				COPY_PHASE_STRIP = NO;
				DEBUG_INFORMATION_FORMAT = dwarf;
				ENABLE_STRICT_OBJC_MSGSEND = YES;
				ENABLE_TESTABILITY = YES;
				GCC_C_LANGUAGE_STANDARD = gnu11;
				GCC_DYNAMIC_NO_PIC = NO;
				GCC_NO_COMMON_BLOCKS = YES;
				GCC_OPTIMIZATION_LEVEL = 0;
				GCC_PREPROCESSOR_DEFINITIONS = (
					"DEBUG=1",
					"$(inherited)",
				);
				GCC_WARN_64_TO_32_BIT_CONVERSION = YES;
				GCC_WARN_ABOUT_RETURN_TYPE = YES_ERROR;
				GCC_WARN_UNDECLARED_SELECTOR = YES;
				GCC_WARN_UNINITIALIZED_AUTOS = YES_AGGRESSIVE;
				GCC_WARN_UNUSED_FUNCTION = YES;
				GCC_WARN_UNUSED_VARIABLE = YES;
				IPHONEOS_DEPLOYMENT_TARGET = 16.2;
				MTL_ENABLE_DEBUG_INFO = INCLUDE_SOURCE;
				MTL_FAST_MATH = YES;
				ONLY_ACTIVE_ARCH = YES;
				SDKROOT = iphoneos;
				SWIFT_ACTIVE_COMPILATION_CONDITIONS = DEBUG;
				SWIFT_OPTIMIZATION_LEVEL = "-Onone";
			};
			name = Debug;
		};
		187B0B422A8FEAD20029921A /* Release */ = {
			isa = XCBuildConfiguration;
			buildSettings = {
				ALWAYS_SEARCH_USER_PATHS = NO;
				CLANG_ANALYZER_NONNULL = YES;
				CLANG_ANALYZER_NUMBER_OBJECT_CONVERSION = YES_AGGRESSIVE;
				CLANG_CXX_LANGUAGE_STANDARD = "gnu++20";
				CLANG_ENABLE_MODULES = YES;
				CLANG_ENABLE_OBJC_ARC = YES;
				CLANG_ENABLE_OBJC_WEAK = YES;
				CLANG_WARN_BLOCK_CAPTURE_AUTORELEASING = YES;
				CLANG_WARN_BOOL_CONVERSION = YES;
				CLANG_WARN_COMMA = YES;
				CLANG_WARN_CONSTANT_CONVERSION = YES;
				CLANG_WARN_DEPRECATED_OBJC_IMPLEMENTATIONS = YES;
				CLANG_WARN_DIRECT_OBJC_ISA_USAGE = YES_ERROR;
				CLANG_WARN_DOCUMENTATION_COMMENTS = YES;
				CLANG_WARN_EMPTY_BODY = YES;
				CLANG_WARN_ENUM_CONVERSION = YES;
				CLANG_WARN_INFINITE_RECURSION = YES;
				CLANG_WARN_INT_CONVERSION = YES;
				CLANG_WARN_NON_LITERAL_NULL_CONVERSION = YES;
				CLANG_WARN_OBJC_IMPLICIT_RETAIN_SELF = YES;
				CLANG_WARN_OBJC_LITERAL_CONVERSION = YES;
				CLANG_WARN_OBJC_ROOT_CLASS = YES_ERROR;
				CLANG_WARN_QUOTED_INCLUDE_IN_FRAMEWORK_HEADER = YES;
				CLANG_WARN_RANGE_LOOP_ANALYSIS = YES;
				CLANG_WARN_STRICT_PROTOTYPES = YES;
				CLANG_WARN_SUSPICIOUS_MOVE = YES;
				CLANG_WARN_UNGUARDED_AVAILABILITY = YES_AGGRESSIVE;
				CLANG_WARN_UNREACHABLE_CODE = YES;
				CLANG_WARN__DUPLICATE_METHOD_MATCH = YES;
				COPY_PHASE_STRIP = NO;
				DEBUG_INFORMATION_FORMAT = "dwarf-with-dsym";
				ENABLE_NS_ASSERTIONS = NO;
				ENABLE_STRICT_OBJC_MSGSEND = YES;
				GCC_C_LANGUAGE_STANDARD = gnu11;
				GCC_NO_COMMON_BLOCKS = YES;
				GCC_WARN_64_TO_32_BIT_CONVERSION = YES;
				GCC_WARN_ABOUT_RETURN_TYPE = YES_ERROR;
				GCC_WARN_UNDECLARED_SELECTOR = YES;
				GCC_WARN_UNINITIALIZED_AUTOS = YES_AGGRESSIVE;
				GCC_WARN_UNUSED_FUNCTION = YES;
				GCC_WARN_UNUSED_VARIABLE = YES;
				IPHONEOS_DEPLOYMENT_TARGET = 16.2;
				MTL_ENABLE_DEBUG_INFO = NO;
				MTL_FAST_MATH = YES;
				SDKROOT = iphoneos;
				SWIFT_COMPILATION_MODE = wholemodule;
				SWIFT_OPTIMIZATION_LEVEL = "-O";
				VALIDATE_PRODUCT = YES;
			};
			name = Release;
		};
		187B0B442A8FEAD20029921A /* Debug */ = {
			isa = XCBuildConfiguration;
			buildSettings = {
				ASSETCATALOG_COMPILER_APPICON_NAME = AppIcon;
				ASSETCATALOG_COMPILER_GLOBAL_ACCENT_COLOR_NAME = AccentColor;
				CODE_SIGN_STYLE = Automatic;
				CURRENT_PROJECT_VERSION = 1;
				DEVELOPMENT_TEAM = WF9NXXAU88;
				GENERATE_INFOPLIST_FILE = YES;
				INFOPLIST_FILE = RickAndMortyTask/Info.plist;
				INFOPLIST_KEY_UIApplicationSupportsIndirectInputEvents = YES;
				INFOPLIST_KEY_UILaunchStoryboardName = LaunchScreen.storyboard;
				INFOPLIST_KEY_UIStatusBarStyle = "";
				INFOPLIST_KEY_UISupportedInterfaceOrientations = UIInterfaceOrientationPortrait;
				INFOPLIST_KEY_UISupportedInterfaceOrientations_iPad = "UIInterfaceOrientationLandscapeLeft UIInterfaceOrientationLandscapeRight UIInterfaceOrientationPortrait UIInterfaceOrientationPortraitUpsideDown";
				IPHONEOS_DEPLOYMENT_TARGET = 15.0;
				LD_RUNPATH_SEARCH_PATHS = (
					"$(inherited)",
					"@executable_path/Frameworks",
				);
				MARKETING_VERSION = 1.0;
				PRODUCT_BUNDLE_IDENTIFIER = totSamiiAnatolii.RickAndMortyTask;
				PRODUCT_NAME = "$(TARGET_NAME)";
				SWIFT_EMIT_LOC_STRINGS = YES;
				SWIFT_VERSION = 5.0;
				TARGETED_DEVICE_FAMILY = "1,2";
			};
			name = Debug;
		};
		187B0B452A8FEAD20029921A /* Release */ = {
			isa = XCBuildConfiguration;
			buildSettings = {
				ASSETCATALOG_COMPILER_APPICON_NAME = AppIcon;
				ASSETCATALOG_COMPILER_GLOBAL_ACCENT_COLOR_NAME = AccentColor;
				CODE_SIGN_STYLE = Automatic;
				CURRENT_PROJECT_VERSION = 1;
				DEVELOPMENT_TEAM = WF9NXXAU88;
				GENERATE_INFOPLIST_FILE = YES;
				INFOPLIST_FILE = RickAndMortyTask/Info.plist;
				INFOPLIST_KEY_UIApplicationSupportsIndirectInputEvents = YES;
				INFOPLIST_KEY_UILaunchStoryboardName = LaunchScreen.storyboard;
				INFOPLIST_KEY_UIStatusBarStyle = "";
				INFOPLIST_KEY_UISupportedInterfaceOrientations = UIInterfaceOrientationPortrait;
				INFOPLIST_KEY_UISupportedInterfaceOrientations_iPad = "UIInterfaceOrientationLandscapeLeft UIInterfaceOrientationLandscapeRight UIInterfaceOrientationPortrait UIInterfaceOrientationPortraitUpsideDown";
				IPHONEOS_DEPLOYMENT_TARGET = 15.0;
				LD_RUNPATH_SEARCH_PATHS = (
					"$(inherited)",
					"@executable_path/Frameworks",
				);
				MARKETING_VERSION = 1.0;
				PRODUCT_BUNDLE_IDENTIFIER = totSamiiAnatolii.RickAndMortyTask;
				PRODUCT_NAME = "$(TARGET_NAME)";
				SWIFT_EMIT_LOC_STRINGS = YES;
				SWIFT_VERSION = 5.0;
				TARGETED_DEVICE_FAMILY = "1,2";
			};
			name = Release;
		};
		187B0B472A8FEAD20029921A /* Debug */ = {
			isa = XCBuildConfiguration;
			buildSettings = {
				ALWAYS_EMBED_SWIFT_STANDARD_LIBRARIES = YES;
				BUNDLE_LOADER = "$(TEST_HOST)";
				CODE_SIGN_STYLE = Automatic;
				CURRENT_PROJECT_VERSION = 1;
				DEVELOPMENT_TEAM = WF9NXXAU88;
				GENERATE_INFOPLIST_FILE = YES;
				IPHONEOS_DEPLOYMENT_TARGET = 16.2;
				MARKETING_VERSION = 1.0;
				PRODUCT_BUNDLE_IDENTIFIER = totSamiiAnatolii.RickAndMortyTaskTests;
				PRODUCT_NAME = "$(TARGET_NAME)";
				SWIFT_EMIT_LOC_STRINGS = NO;
				SWIFT_VERSION = 5.0;
				TARGETED_DEVICE_FAMILY = "1,2";
				TEST_HOST = "$(BUILT_PRODUCTS_DIR)/RickAndMortyTask.app/$(BUNDLE_EXECUTABLE_FOLDER_PATH)/RickAndMortyTask";
			};
			name = Debug;
		};
		187B0B482A8FEAD20029921A /* Release */ = {
			isa = XCBuildConfiguration;
			buildSettings = {
				ALWAYS_EMBED_SWIFT_STANDARD_LIBRARIES = YES;
				BUNDLE_LOADER = "$(TEST_HOST)";
				CODE_SIGN_STYLE = Automatic;
				CURRENT_PROJECT_VERSION = 1;
				DEVELOPMENT_TEAM = WF9NXXAU88;
				GENERATE_INFOPLIST_FILE = YES;
				IPHONEOS_DEPLOYMENT_TARGET = 16.2;
				MARKETING_VERSION = 1.0;
				PRODUCT_BUNDLE_IDENTIFIER = totSamiiAnatolii.RickAndMortyTaskTests;
				PRODUCT_NAME = "$(TARGET_NAME)";
				SWIFT_EMIT_LOC_STRINGS = NO;
				SWIFT_VERSION = 5.0;
				TARGETED_DEVICE_FAMILY = "1,2";
				TEST_HOST = "$(BUILT_PRODUCTS_DIR)/RickAndMortyTask.app/$(BUNDLE_EXECUTABLE_FOLDER_PATH)/RickAndMortyTask";
			};
			name = Release;
		};
		187B0B4A2A8FEAD20029921A /* Debug */ = {
			isa = XCBuildConfiguration;
			buildSettings = {
				ALWAYS_EMBED_SWIFT_STANDARD_LIBRARIES = YES;
				CODE_SIGN_STYLE = Automatic;
				CURRENT_PROJECT_VERSION = 1;
				DEVELOPMENT_TEAM = WF9NXXAU88;
				GENERATE_INFOPLIST_FILE = YES;
				MARKETING_VERSION = 1.0;
				PRODUCT_BUNDLE_IDENTIFIER = totSamiiAnatolii.RickAndMortyTaskUITests;
				PRODUCT_NAME = "$(TARGET_NAME)";
				SWIFT_EMIT_LOC_STRINGS = NO;
				SWIFT_VERSION = 5.0;
				TARGETED_DEVICE_FAMILY = "1,2";
				TEST_TARGET_NAME = RickAndMortyTask;
			};
			name = Debug;
		};
		187B0B4B2A8FEAD20029921A /* Release */ = {
			isa = XCBuildConfiguration;
			buildSettings = {
				ALWAYS_EMBED_SWIFT_STANDARD_LIBRARIES = YES;
				CODE_SIGN_STYLE = Automatic;
				CURRENT_PROJECT_VERSION = 1;
				DEVELOPMENT_TEAM = WF9NXXAU88;
				GENERATE_INFOPLIST_FILE = YES;
				MARKETING_VERSION = 1.0;
				PRODUCT_BUNDLE_IDENTIFIER = totSamiiAnatolii.RickAndMortyTaskUITests;
				PRODUCT_NAME = "$(TARGET_NAME)";
				SWIFT_EMIT_LOC_STRINGS = NO;
				SWIFT_VERSION = 5.0;
				TARGETED_DEVICE_FAMILY = "1,2";
				TEST_TARGET_NAME = RickAndMortyTask;
			};
			name = Release;
		};
/* End XCBuildConfiguration section */

/* Begin XCConfigurationList section */
		187B0B142A8FEACB0029921A /* Build configuration list for PBXProject "RickAndMortyTask" */ = {
			isa = XCConfigurationList;
			buildConfigurations = (
				187B0B412A8FEAD20029921A /* Debug */,
				187B0B422A8FEAD20029921A /* Release */,
			);
			defaultConfigurationIsVisible = 0;
			defaultConfigurationName = Release;
		};
		187B0B432A8FEAD20029921A /* Build configuration list for PBXNativeTarget "RickAndMortyTask" */ = {
			isa = XCConfigurationList;
			buildConfigurations = (
				187B0B442A8FEAD20029921A /* Debug */,
				187B0B452A8FEAD20029921A /* Release */,
			);
			defaultConfigurationIsVisible = 0;
			defaultConfigurationName = Release;
		};
		187B0B462A8FEAD20029921A /* Build configuration list for PBXNativeTarget "RickAndMortyTaskTests" */ = {
			isa = XCConfigurationList;
			buildConfigurations = (
				187B0B472A8FEAD20029921A /* Debug */,
				187B0B482A8FEAD20029921A /* Release */,
			);
			defaultConfigurationIsVisible = 0;
			defaultConfigurationName = Release;
		};
		187B0B492A8FEAD20029921A /* Build configuration list for PBXNativeTarget "RickAndMortyTaskUITests" */ = {
			isa = XCConfigurationList;
			buildConfigurations = (
				187B0B4A2A8FEAD20029921A /* Debug */,
				187B0B4B2A8FEAD20029921A /* Release */,
			);
			defaultConfigurationIsVisible = 0;
			defaultConfigurationName = Release;
		};
/* End XCConfigurationList section */
	};
	rootObject = 187B0B112A8FEACB0029921A /* Project object */;
}
